Microsoft Visual Studio Solution File, Format Version 11.00
# Visual Studio 2008

Project("{DD7F5293-15A2-F2EE-1CB3-706A16FA5056}") = "RogueLikeStrava2", "Assembly-CSharp.csproj", "{6164B782-0181-901F-6A42-F423C25AA309}"
EndProject
Global
	GlobalSection(SolutionConfigurationPlatforms) = preSolution
		Debug|Any CPU = Debug|Any CPU
		Release|Any CPU = Release|Any CPU
	EndGlobalSection
	GlobalSection(ProjectConfigurationPlatforms) = postSolution
		{6164B782-0181-901F-6A42-F423C25AA309}.Debug|Any CPU.ActiveCfg = Debug|Any CPU
		{6164B782-0181-901F-6A42-F423C25AA309}.Debug|Any CPU.Build.0 = Debug|Any CPU
		{6164B782-0181-901F-6A42-F423C25AA309}.Release|Any CPU.ActiveCfg = Release|Any CPU
		{6164B782-0181-901F-6A42-F423C25AA309}.Release|Any CPU.Build.0 = Release|Any CPU
	EndGlobalSection
	GlobalSection(SolutionProperties) = preSolution
		HideSolutionNode = FALSE
	EndGlobalSection
	GlobalSection(MonoDevelopProperties) = preSolution
		StartupItem = Assembly-CSharp.csproj
	EndGlobalSection
EndGlobal
